
Microsoft Visual Studio Solution File, Format Version 12.00
# Visual Studio 14
VisualStudioVersion = 14.0.25420.1
MinimumVisualStudioVersion = 10.0.40219.1
Project("{2150E333-8FDC-42A3-9474-1A3956D46DE8}") = "Data", "Data", "{5E75125A-C260-45AF-8570-FB0418C9A4BF}"
EndProject
Project("{2150E333-8FDC-42A3-9474-1A3956D46DE8}") = "Shared", "Shared", "{27BB08B5-B7E2-44B4-A782-CED69BF57384}"
EndProject
Project("{2150E333-8FDC-42A3-9474-1A3956D46DE8}") = "Business", "Business", "{BCF5C7D8-13E4-4024-A142-92AD4D7AC054}"
EndProject
Project("{FAE04EC0-301F-11D3-BF4B-00C04F79EFBC}") = "TMDT.Common", "TMDT.Common\TMDT.Common.csproj", "{77E6F374-AD48-4AFB-B784-A7426F57C9BD}"
EndProject
Project("{FAE04EC0-301F-11D3-BF4B-00C04F79EFBC}") = "TMDT.UnitTest", "TMDT.UnitTest\TMDT.UnitTest.csproj", "{9EBAAB63-D99B-4253-9AA8-035E1135A5BC}"
EndProject
Project("{FAE04EC0-301F-11D3-BF4B-00C04F79EFBC}") = "TMDT.Data", "TMDT.Data\TMDT.Data.csproj", "{DE6C7EAF-B951-4825-804A-812B5F26DB9F}"
EndProject
Project("{FAE04EC0-301F-11D3-BF4B-00C04F79EFBC}") = "TMDT.Model", "TMDT.Model\TMDT.Model.csproj", "{7F0ED6CA-6B46-4D64-9432-EE571C9EF7B2}"
EndProject
Project("{FAE04EC0-301F-11D3-BF4B-00C04F79EFBC}") = "TMDT.Service", "TMDT.Service\TMDT.Service.csproj", "{5D905312-246A-4BDA-A299-03A5784BC4A9}"
EndProject
Project("{FAE04EC0-301F-11D3-BF4B-00C04F79EFBC}") = "TMDT.Web", "TMDT.Web\TMDT.Web.csproj", "{991D9C6D-823C-4F0D-A052-76C6D5A45FA3}"
EndProject
Global
	GlobalSection(SolutionConfigurationPlatforms) = preSolution
		Debug|Any CPU = Debug|Any CPU
		Release|Any CPU = Release|Any CPU
	EndGlobalSection
	GlobalSection(ProjectConfigurationPlatforms) = postSolution
		{77E6F374-AD48-4AFB-B784-A7426F57C9BD}.Debug|Any CPU.ActiveCfg = Debug|Any CPU
		{77E6F374-AD48-4AFB-B784-A7426F57C9BD}.Debug|Any CPU.Build.0 = Debug|Any CPU
		{77E6F374-AD48-4AFB-B784-A7426F57C9BD}.Release|Any CPU.ActiveCfg = Release|Any CPU
		{77E6F374-AD48-4AFB-B784-A7426F57C9BD}.Release|Any CPU.Build.0 = Release|Any CPU
		{9EBAAB63-D99B-4253-9AA8-035E1135A5BC}.Debug|Any CPU.ActiveCfg = Debug|Any CPU
		{9EBAAB63-D99B-4253-9AA8-035E1135A5BC}.Debug|Any CPU.Build.0 = Debug|Any CPU
		{9EBAAB63-D99B-4253-9AA8-035E1135A5BC}.Release|Any CPU.ActiveCfg = Release|Any CPU
		{9EBAAB63-D99B-4253-9AA8-035E1135A5BC}.Release|Any CPU.Build.0 = Release|Any CPU
		{DE6C7EAF-B951-4825-804A-812B5F26DB9F}.Debug|Any CPU.ActiveCfg = Debug|Any CPU
		{DE6C7EAF-B951-4825-804A-812B5F26DB9F}.Debug|Any CPU.Build.0 = Debug|Any CPU
		{DE6C7EAF-B951-4825-804A-812B5F26DB9F}.Release|Any CPU.ActiveCfg = Release|Any CPU
		{DE6C7EAF-B951-4825-804A-812B5F26DB9F}.Release|Any CPU.Build.0 = Release|Any CPU
		{7F0ED6CA-6B46-4D64-9432-EE571C9EF7B2}.Debug|Any CPU.ActiveCfg = Debug|Any CPU
		{7F0ED6CA-6B46-4D64-9432-EE571C9EF7B2}.Debug|Any CPU.Build.0 = Debug|Any CPU
		{7F0ED6CA-6B46-4D64-9432-EE571C9EF7B2}.Release|Any CPU.ActiveCfg = Release|Any CPU
		{7F0ED6CA-6B46-4D64-9432-EE571C9EF7B2}.Release|Any CPU.Build.0 = Release|Any CPU
		{5D905312-246A-4BDA-A299-03A5784BC4A9}.Debug|Any CPU.ActiveCfg = Debug|Any CPU
		{5D905312-246A-4BDA-A299-03A5784BC4A9}.Debug|Any CPU.Build.0 = Debug|Any CPU
		{5D905312-246A-4BDA-A299-03A5784BC4A9}.Release|Any CPU.ActiveCfg = Release|Any CPU
		{5D905312-246A-4BDA-A299-03A5784BC4A9}.Release|Any CPU.Build.0 = Release|Any CPU
		{991D9C6D-823C-4F0D-A052-76C6D5A45FA3}.Debug|Any CPU.ActiveCfg = Debug|Any CPU
		{991D9C6D-823C-4F0D-A052-76C6D5A45FA3}.Debug|Any CPU.Build.0 = Debug|Any CPU
		{991D9C6D-823C-4F0D-A052-76C6D5A45FA3}.Release|Any CPU.ActiveCfg = Release|Any CPU
		{991D9C6D-823C-4F0D-A052-76C6D5A45FA3}.Release|Any CPU.Build.0 = Release|Any CPU
	EndGlobalSection
	GlobalSection(SolutionProperties) = preSolution
		HideSolutionNode = FALSE
	EndGlobalSection
	GlobalSection(NestedProjects) = preSolution
		{77E6F374-AD48-4AFB-B784-A7426F57C9BD} = {27BB08B5-B7E2-44B4-A782-CED69BF57384}
		{9EBAAB63-D99B-4253-9AA8-035E1135A5BC} = {27BB08B5-B7E2-44B4-A782-CED69BF57384}
		{DE6C7EAF-B951-4825-804A-812B5F26DB9F} = {5E75125A-C260-45AF-8570-FB0418C9A4BF}
		{7F0ED6CA-6B46-4D64-9432-EE571C9EF7B2} = {5E75125A-C260-45AF-8570-FB0418C9A4BF}
		{5D905312-246A-4BDA-A299-03A5784BC4A9} = {BCF5C7D8-13E4-4024-A142-92AD4D7AC054}
	EndGlobalSection
EndGlobal
